
Microsoft Visual Studio Solution File, Format Version 12.00
# Visual Studio Version 17
VisualStudioVersion = 17.5.33530.505
MinimumVisualStudioVersion = 10.0.40219.1
Project("{FAE04EC0-301F-11D3-BF4B-00C04F79EFBC}") = "MiniSystemHR_WPF", "MiniSystemHR_WPF\MiniSystemHR_WPF.csproj", "{862D23BB-3437-4368-9662-6BC80330D4EC}"
EndProject
Global
	GlobalSection(SolutionConfigurationPlatforms) = preSolution
		Debug|Any CPU = Debug|Any CPU
		Release|Any CPU = Release|Any CPU
	EndGlobalSection
	GlobalSection(ProjectConfigurationPlatforms) = postSolution
		{862D23BB-3437-4368-9662-6BC80330D4EC}.Debug|Any CPU.ActiveCfg = Debug|Any CPU
		{862D23BB-3437-4368-9662-6BC80330D4EC}.Debug|Any CPU.Build.0 = Debug|Any CPU
		{862D23BB-3437-4368-9662-6BC80330D4EC}.Release|Any CPU.ActiveCfg = Release|Any CPU
		{862D23BB-3437-4368-9662-6BC80330D4EC}.Release|Any CPU.Build.0 = Release|Any CPU
	EndGlobalSection
	GlobalSection(SolutionProperties) = preSolution
		HideSolutionNode = FALSE
	EndGlobalSection
	GlobalSection(ExtensibilityGlobals) = postSolution
		SolutionGuid = {2DCA8033-FCDA-4C5E-8657-82CD62D1600B}
	EndGlobalSection
EndGlobal
